# This file is automatically @generated by Cargo.
# It is not intended for manual editing.
version = 4

[[package]]
name = "board"
version = "0.0.0"

[[package]]
name = "irq"
version = "0.0.0"

[[package]]
name = "panic"
version = "0.0.0"
dependencies = [
 "print",
 "shutdown",
]

[[package]]
name = "print"
version = "0.0.0"
dependencies = [
 "uart",
]

[[package]]
name = "shutdown"
version = "0.0.0"

[[package]]
name = "shyos-00arch-rust"
version = "0.0.0"
dependencies = [
 "shyos-arch",
]

[[package]]
name = "shyos-01log-rust"
version = "0.0.0"
dependencies = [
 "shyos-log",
]

[[package]]
name = "shyos-02core-rust"
version = "0.0.0"
dependencies = [
 "shyos-core",
]

[[package]]
name = "shyos-03basic-rust"
version = "0.0.0"
dependencies = [
 "shyos-basic",
]

[[package]]
name = "shyos-04data-structure-rust"
version = "0.0.0"
dependencies = [
 "shyos-data-structure",
]

[[package]]
name = "shyos-2048"
version = "0.0.0"
dependencies = [
 "shyos-basic",
 "shyos-data-structure",
]

[[package]]
name = "shyos-alloc"
version = "0.0.0"

[[package]]
name = "shyos-arch"
version = "0.0.0"
dependencies = [
 "board",
 "irq",
 "shutdown",
 "shyos-rand",
 "uart",
]

[[package]]
name = "shyos-basic"
version = "0.0.0"
dependencies = [
 "shyos-alloc",
 "shyos-core",
 "shyos-obj",
 "shyos-result",
 "simple_alloc",
]

[[package]]
name = "shyos-core"
version = "0.0.0"
dependencies = [
 "shyos-error",
 "shyos-log",
 "string_no_alloc",
]

[[package]]
name = "shyos-data-structure"
version = "0.0.0"
dependencies = [
 "shyos-basic",
 "shyos-vec",
 "shyos_string",
]

[[package]]
name = "shyos-error"
version = "0.0.0"

[[package]]
name = "shyos-log"
version = "0.0.0"
dependencies = [
 "panic",
 "print",
 "shyos-arch",
 "shyos-stdio",
]

[[package]]
name = "shyos-obj"
version = "0.0.0"

[[package]]
name = "shyos-rand"
version = "0.0.0"

[[package]]
name = "shyos-result"
version = "0.0.0"
dependencies = [
 "shyos-error",
]

[[package]]
name = "shyos-stdio"
version = "0.0.0"

[[package]]
name = "shyos-vec"
version = "0.0.0"
dependencies = [
 "shyos-obj",
 "shyos-result",
]

[[package]]
name = "shyos_string"
version = "0.0.0"
dependencies = [
 "shyos-result",
 "shyos-vec",
 "string_no_alloc",
]

[[package]]
name = "simple_alloc"
version = "0.0.0"
dependencies = [
 "shyos-alloc",
]

[[package]]
name = "stdio-early"
version = "0.0.0"
dependencies = [
 "print",
 "shyos-stdio",
]

[[package]]
name = "string_no_alloc"
version = "0.0.0"

[[package]]
name = "uart"
version = "0.0.0"
dependencies = [
 "board",
]
